
Microsoft Visual Studio Solution File, Format Version 12.00
# Visual Studio Version 17
VisualStudioVersion = 17.3.32811.315
MinimumVisualStudioVersion = 10.0.40219.1
Project("{8BC9CEB8-8B4A-11D0-8D11-00A0C91BC942}") = "Andersen Stack Example", "Andersen Stack Example\Andersen Stack Example.vcxproj", "{15C7752A-45E7-45C7-977C-FF3905B69E02}"
EndProject
Project("{8BC9CEB8-8B4A-11D0-8D11-00A0C91BC942}") = "UnitTest_Ex_1", "UnitTest_Ex_1\UnitTest_Ex_1.vcxproj", "{69AF33C9-FE17-4720-AF61-08C2DACE6B22}"
EndProject
Global
	GlobalSection(SolutionConfigurationPlatforms) = preSolution
		Debug|x64 = Debug|x64
		Debug|x86 = Debug|x86
		Release|x64 = Release|x64
		Release|x86 = Release|x86
	EndGlobalSection
	GlobalSection(ProjectConfigurationPlatforms) = postSolution
		{15C7752A-45E7-45C7-977C-FF3905B69E02}.Debug|x64.ActiveCfg = Debug|x64
		{15C7752A-45E7-45C7-977C-FF3905B69E02}.Debug|x64.Build.0 = Debug|x64
		{15C7752A-45E7-45C7-977C-FF3905B69E02}.Debug|x86.ActiveCfg = Debug|Win32
		{15C7752A-45E7-45C7-977C-FF3905B69E02}.Debug|x86.Build.0 = Debug|Win32
		{15C7752A-45E7-45C7-977C-FF3905B69E02}.Release|x64.ActiveCfg = Release|x64
		{15C7752A-45E7-45C7-977C-FF3905B69E02}.Release|x64.Build.0 = Release|x64
		{15C7752A-45E7-45C7-977C-FF3905B69E02}.Release|x86.ActiveCfg = Release|Win32
		{15C7752A-45E7-45C7-977C-FF3905B69E02}.Release|x86.Build.0 = Release|Win32
		{69AF33C9-FE17-4720-AF61-08C2DACE6B22}.Debug|x64.ActiveCfg = Debug|x64
		{69AF33C9-FE17-4720-AF61-08C2DACE6B22}.Debug|x64.Build.0 = Debug|x64
		{69AF33C9-FE17-4720-AF61-08C2DACE6B22}.Debug|x86.ActiveCfg = Debug|Win32
		{69AF33C9-FE17-4720-AF61-08C2DACE6B22}.Debug|x86.Build.0 = Debug|Win32
		{69AF33C9-FE17-4720-AF61-08C2DACE6B22}.Release|x64.ActiveCfg = Release|x64
		{69AF33C9-FE17-4720-AF61-08C2DACE6B22}.Release|x64.Build.0 = Release|x64
		{69AF33C9-FE17-4720-AF61-08C2DACE6B22}.Release|x86.ActiveCfg = Release|Win32
		{69AF33C9-FE17-4720-AF61-08C2DACE6B22}.Release|x86.Build.0 = Release|Win32
	EndGlobalSection
	GlobalSection(SolutionProperties) = preSolution
		HideSolutionNode = FALSE
	EndGlobalSection
	GlobalSection(ExtensibilityGlobals) = postSolution
		SolutionGuid = {3FCD1EB7-3EC6-40A0-A4B5-5E2D3BA1E0E4}
	EndGlobalSection
EndGlobal
